
Microsoft Visual Studio Solution File, Format Version 12.00
# Visual Studio Version 17
VisualStudioVersion = 17.1.32210.238
MinimumVisualStudioVersion = 10.0.40219.1
Project("{9A19103F-16F7-4668-BE54-9A1E7A4F7556}") = "DDoSApp", "DDosApp\DDoSApp.csproj", "{061F4598-0A0F-47E9-8202-96833846FA0D}"
EndProject
Global
	GlobalSection(SolutionConfigurationPlatforms) = preSolution
		Debug|Any CPU = Debug|Any CPU
		Release|Any CPU = Release|Any CPU
	EndGlobalSection
	GlobalSection(ProjectConfigurationPlatforms) = postSolution
		{061F4598-0A0F-47E9-8202-96833846FA0D}.Debug|Any CPU.ActiveCfg = Debug|Any CPU
		{061F4598-0A0F-47E9-8202-96833846FA0D}.Debug|Any CPU.Build.0 = Debug|Any CPU
		{061F4598-0A0F-47E9-8202-96833846FA0D}.Release|Any CPU.ActiveCfg = Release|Any CPU
		{061F4598-0A0F-47E9-8202-96833846FA0D}.Release|Any CPU.Build.0 = Release|Any CPU
	EndGlobalSection
	GlobalSection(SolutionProperties) = preSolution
		HideSolutionNode = FALSE
	EndGlobalSection
	GlobalSection(ExtensibilityGlobals) = postSolution
		SolutionGuid = {2ADC3AA7-80B6-4760-97C6-8E4969CE8063}
	EndGlobalSection
EndGlobal
